// !$*UTF8*$!
{
	archiveVersion = 1;
	classes = {
	};
	objectVersion = 46;
	objects = {

/* Begin PBXBuildFile section */
		4032259E1D4A44C200E1685E /* GoogleLoginWebViewIOS.cs in Resources */ = {isa = PBXBuildFile; fileRef = 4032259D1D4A44C200E1685E /* GoogleLoginWebViewIOS.cs */; };
		403225A01D4A453E00E1685E /* GoogleLoginWebViewIOSScreen.xib in Resources */ = {isa = PBXBuildFile; fileRef = 4032259F1D4A453E00E1685E /* GoogleLoginWebViewIOSScreen.xib */; };
		403225A31D4B9ED400E1685E /* GoogleLoginWebViewIOS.mm in Sources */ = {isa = PBXBuildFile; fileRef = 403225A21D4B9ED400E1685E /* GoogleLoginWebViewIOS.mm */; };
		40BE47DA1D284FDE00638360 /* BarcodeScanIOS.cs in Resources */ = {isa = PBXBuildFile; fileRef = 40BE47D41D284FDE00638360 /* BarcodeScanIOS.cs */; };
		40BE47DB1D284FDE00638360 /* BarcodeScanIOS.cs.meta in Resources */ = {isa = PBXBuildFile; fileRef = 40BE47D51D284FDE00638360 /* BarcodeScanIOS.cs.meta */; };
		40BE47DC1D284FDE00638360 /* BarcodeScanIOS.mm in Sources */ = {isa = PBXBuildFile; fileRef = 40BE47D61D284FDE00638360 /* BarcodeScanIOS.mm */; };
		40BE47DD1D284FDE00638360 /* BarcodeScanIOS.mm.meta in Resources */ = {isa = PBXBuildFile; fileRef = 40BE47D71D284FDE00638360 /* BarcodeScanIOS.mm.meta */; };
		40DB140A1D2829950017759A /* main.m in Sources */ = {isa = PBXBuildFile; fileRef = 40DB14091D2829950017759A /* main.m */; };
		40DB140D1D2829950017759A /* AppDelegate.m in Sources */ = {isa = PBXBuildFile; fileRef = 40DB140C1D2829950017759A /* AppDelegate.m */; };
		40DB14101D2829950017759A /* ViewController.m in Sources */ = {isa = PBXBuildFile; fileRef = 40DB140F1D2829950017759A /* ViewController.m */; };
		40DB14131D2829950017759A /* Main.storyboard in Resources */ = {isa = PBXBuildFile; fileRef = 40DB14111D2829950017759A /* Main.storyboard */; };
		40DB14151D2829950017759A /* Assets.xcassets in Resources */ = {isa = PBXBuildFile; fileRef = 40DB14141D2829950017759A /* Assets.xcassets */; };
		40DB14181D2829950017759A /* LaunchScreen.storyboard in Resources */ = {isa = PBXBuildFile; fileRef = 40DB14161D2829950017759A /* LaunchScreen.storyboard */; };
		40EDD6C91D3246CA00FACD3D /* BarcodeScanIOSScreen.xib in Resources */ = {isa = PBXBuildFile; fileRef = 40EDD6C81D3246CA00FACD3D /* BarcodeScanIOSScreen.xib */; };
/* End PBXBuildFile section */

/* Begin PBXFileReference section */
		4032259D1D4A44C200E1685E /* GoogleLoginWebViewIOS.cs */ = {isa = PBXFileReference; fileEncoding = 4; lastKnownFileType = text; path = GoogleLoginWebViewIOS.cs; sourceTree = "<group>"; };
		4032259F1D4A453E00E1685E /* GoogleLoginWebViewIOSScreen.xib */ = {isa = PBXFileReference; fileEncoding = 4; lastKnownFileType = file.xib; path = GoogleLoginWebViewIOSScreen.xib; sourceTree = "<group>"; };
		403225A21D4B9ED400E1685E /* GoogleLoginWebViewIOS.mm */ = {isa = PBXFileReference; fileEncoding = 4; lastKnownFileType = sourcecode.cpp.objcpp; path = GoogleLoginWebViewIOS.mm; sourceTree = "<group>"; };
		40BE47D41D284FDE00638360 /* BarcodeScanIOS.cs */ = {isa = PBXFileReference; fileEncoding = 4; lastKnownFileType = text; path = BarcodeScanIOS.cs; sourceTree = "<group>"; };
		40BE47D51D284FDE00638360 /* BarcodeScanIOS.cs.meta */ = {isa = PBXFileReference; fileEncoding = 4; lastKnownFileType = text; path = BarcodeScanIOS.cs.meta; sourceTree = "<group>"; };
		40BE47D61D284FDE00638360 /* BarcodeScanIOS.mm */ = {isa = PBXFileReference; fileEncoding = 4; lastKnownFileType = sourcecode.cpp.objcpp; path = BarcodeScanIOS.mm; sourceTree = "<group>"; };
		40BE47D71D284FDE00638360 /* BarcodeScanIOS.mm.meta */ = {isa = PBXFileReference; fileEncoding = 4; lastKnownFileType = text; path = BarcodeScanIOS.mm.meta; sourceTree = "<group>"; };
		40DB14051D2829950017759A /* Bariiiii.app */ = {isa = PBXFileReference; explicitFileType = wrapper.application; includeInIndex = 0; path = Bariiiii.app; sourceTree = BUILT_PRODUCTS_DIR; };
		40DB14091D2829950017759A /* main.m */ = {isa = PBXFileReference; lastKnownFileType = sourcecode.c.objc; path = main.m; sourceTree = "<group>"; };
		40DB140B1D2829950017759A /* AppDelegate.h */ = {isa = PBXFileReference; lastKnownFileType = sourcecode.c.h; path = AppDelegate.h; sourceTree = "<group>"; };
		40DB140C1D2829950017759A /* AppDelegate.m */ = {isa = PBXFileReference; lastKnownFileType = sourcecode.c.objc; path = AppDelegate.m; sourceTree = "<group>"; };
		40DB140E1D2829950017759A /* ViewController.h */ = {isa = PBXFileReference; lastKnownFileType = sourcecode.c.h; path = ViewController.h; sourceTree = "<group>"; };
		40DB140F1D2829950017759A /* ViewController.m */ = {isa = PBXFileReference; lastKnownFileType = sourcecode.c.objc; path = ViewController.m; sourceTree = "<group>"; };
		40DB14121D2829950017759A /* Base */ = {isa = PBXFileReference; lastKnownFileType = file.storyboard; name = Base; path = Base.lproj/Main.storyboard; sourceTree = "<group>"; };
		40DB14141D2829950017759A /* Assets.xcassets */ = {isa = PBXFileReference; lastKnownFileType = folder.assetcatalog; path = Assets.xcassets; sourceTree = "<group>"; };
		40DB14171D2829950017759A /* Base */ = {isa = PBXFileReference; lastKnownFileType = file.storyboard; name = Base; path = Base.lproj/LaunchScreen.storyboard; sourceTree = "<group>"; };
		40DB14191D2829950017759A /* Info.plist */ = {isa = PBXFileReference; lastKnownFileType = text.plist.xml; path = Info.plist; sourceTree = "<group>"; };
		40EDD6C81D3246CA00FACD3D /* BarcodeScanIOSScreen.xib */ = {isa = PBXFileReference; fileEncoding = 4; lastKnownFileType = file.xib; path = BarcodeScanIOSScreen.xib; sourceTree = "<group>"; };
/* End PBXFileReference section */

/* Begin PBXFrameworksBuildPhase section */
		40DB14021D2829950017759A /* Frameworks */ = {
			isa = PBXFrameworksBuildPhase;
			buildActionMask = 2147483647;
			files = (
			);
			runOnlyForDeploymentPostprocessing = 0;
		};
/* End PBXFrameworksBuildPhase section */

/* Begin PBXGroup section */
		4032259C1D4A44C200E1685E /* WebViewIOS */ = {
			isa = PBXGroup;
			children = (
				4032259D1D4A44C200E1685E /* GoogleLoginWebViewIOS.cs */,
				4032259F1D4A453E00E1685E /* GoogleLoginWebViewIOSScreen.xib */,
				403225A21D4B9ED400E1685E /* GoogleLoginWebViewIOS.mm */,
			);
			name = WebViewIOS;
			path = ../Assets/Plugins/iOS/Bariiiii/WebViewIOS;
			sourceTree = "<group>";
		};
		40BE47D31D284FDE00638360 /* BarcodeScanIOS */ = {
			isa = PBXGroup;
			children = (
				40BE47D41D284FDE00638360 /* BarcodeScanIOS.cs */,
				40BE47D51D284FDE00638360 /* BarcodeScanIOS.cs.meta */,
				40BE47D61D284FDE00638360 /* BarcodeScanIOS.mm */,
				40EDD6C81D3246CA00FACD3D /* BarcodeScanIOSScreen.xib */,
				40BE47D71D284FDE00638360 /* BarcodeScanIOS.mm.meta */,
			);
			name = BarcodeScanIOS;
			path = ../Assets/Plugins/iOS/Bariiiii/BarcodeScanIOS;
			sourceTree = "<group>";
		};
		40DB13FC1D2829950017759A = {
			isa = PBXGroup;
			children = (
				40BE47D31D284FDE00638360 /* BarcodeScanIOS */,
				4032259C1D4A44C200E1685E /* WebViewIOS */,
				40DB14071D2829950017759A /* CreateBariiiiiIOSNativePlugin */,
				40DB14061D2829950017759A /* Products */,
			);
			sourceTree = "<group>";
		};
		40DB14061D2829950017759A /* Products */ = {
			isa = PBXGroup;
			children = (
				40DB14051D2829950017759A /* Bariiiii.app */,
			);
			name = Products;
			sourceTree = "<group>";
		};
		40DB14071D2829950017759A /* CreateBariiiiiIOSNativePlugin */ = {
			isa = PBXGroup;
			children = (
				40DB140B1D2829950017759A /* AppDelegate.h */,
				40DB140C1D2829950017759A /* AppDelegate.m */,
				40DB140E1D2829950017759A /* ViewController.h */,
				40DB140F1D2829950017759A /* ViewController.m */,
				40DB14111D2829950017759A /* Main.storyboard */,
				40DB14141D2829950017759A /* Assets.xcassets */,
				40DB14161D2829950017759A /* LaunchScreen.storyboard */,
				40DB14191D2829950017759A /* Info.plist */,
				40DB14081D2829950017759A /* Supporting Files */,
			);
			path = CreateBariiiiiIOSNativePlugin;
			sourceTree = "<group>";
		};
		40DB14081D2829950017759A /* Supporting Files */ = {
			isa = PBXGroup;
			children = (
				40DB14091D2829950017759A /* main.m */,
			);
			name = "Supporting Files";
			sourceTree = "<group>";
		};
/* End PBXGroup section */

/* Begin PBXNativeTarget section */
		40DB14041D2829950017759A /* Bariiiii */ = {
			isa = PBXNativeTarget;
			buildConfigurationList = 40DB141C1D2829950017759A /* Build configuration list for PBXNativeTarget "Bariiiii" */;
			buildPhases = (
				40DB14011D2829950017759A /* Sources */,
				40DB14021D2829950017759A /* Frameworks */,
				40DB14031D2829950017759A /* Resources */,
			);
			buildRules = (
			);
			dependencies = (
			);
			name = Bariiiii;
			productName = CreateBariiiiiIOSNativePlugin;
			productReference = 40DB14051D2829950017759A /* Bariiiii.app */;
			productType = "com.apple.product-type.application";
		};
/* End PBXNativeTarget section */

/* Begin PBXProject section */
		40DB13FD1D2829950017759A /* Project object */ = {
			isa = PBXProject;
			attributes = {
				LastUpgradeCheck = 0730;
				ORGANIZATIONNAME = "五十嵐翔";
				TargetAttributes = {
					40DB14041D2829950017759A = {
						CreatedOnToolsVersion = 7.3.1;
						DevelopmentTeam = 3SH3K6MAY3;
					};
				};
			};
			buildConfigurationList = 40DB14001D2829950017759A /* Build configuration list for PBXProject "Bariiiii" */;
			compatibilityVersion = "Xcode 3.2";
			developmentRegion = English;
			hasScannedForEncodings = 0;
			knownRegions = (
				en,
				Base,
			);
			mainGroup = 40DB13FC1D2829950017759A;
			productRefGroup = 40DB14061D2829950017759A /* Products */;
			projectDirPath = "";
			projectRoot = "";
			targets = (
				40DB14041D2829950017759A /* Bariiiii */,
			);
		};
/* End PBXProject section */

/* Begin PBXResourcesBuildPhase section */
		40DB14031D2829950017759A /* Resources */ = {
			isa = PBXResourcesBuildPhase;
			buildActionMask = 2147483647;
			files = (
				40DB14181D2829950017759A /* LaunchScreen.storyboard in Resources */,
				403225A01D4A453E00E1685E /* GoogleLoginWebViewIOSScreen.xib in Resources */,
				40BE47DD1D284FDE00638360 /* BarcodeScanIOS.mm.meta in Resources */,
				40BE47DA1D284FDE00638360 /* BarcodeScanIOS.cs in Resources */,
				40BE47DB1D284FDE00638360 /* BarcodeScanIOS.cs.meta in Resources */,
				40DB14151D2829950017759A /* Assets.xcassets in Resources */,
				40EDD6C91D3246CA00FACD3D /* BarcodeScanIOSScreen.xib in Resources */,
				4032259E1D4A44C200E1685E /* GoogleLoginWebViewIOS.cs in Resources */,
				40DB14131D2829950017759A /* Main.storyboard in Resources */,
			);
			runOnlyForDeploymentPostprocessing = 0;
		};
/* End PBXResourcesBuildPhase section */

/* Begin PBXSourcesBuildPhase section */
		40DB14011D2829950017759A /* Sources */ = {
			isa = PBXSourcesBuildPhase;
			buildActionMask = 2147483647;
			files = (
				40DB14101D2829950017759A /* ViewController.m in Sources */,
				40BE47DC1D284FDE00638360 /* BarcodeScanIOS.mm in Sources */,
				40DB140D1D2829950017759A /* AppDelegate.m in Sources */,
				403225A31D4B9ED400E1685E /* GoogleLoginWebViewIOS.mm in Sources */,
				40DB140A1D2829950017759A /* main.m in Sources */,
			);
			runOnlyForDeploymentPostprocessing = 0;
		};
/* End PBXSourcesBuildPhase section */

/* Begin PBXVariantGroup section */
		40DB14111D2829950017759A /* Main.storyboard */ = {
			isa = PBXVariantGroup;
			children = (
				40DB14121D2829950017759A /* Base */,
			);
			name = Main.storyboard;
			sourceTree = "<group>";
		};
		40DB14161D2829950017759A /* LaunchScreen.storyboard */ = {
			isa = PBXVariantGroup;
			children = (
				40DB14171D2829950017759A /* Base */,
			);
			name = LaunchScreen.storyboard;
			sourceTree = "<group>";
		};
/* End PBXVariantGroup section */

/* Begin XCBuildConfiguration section */
		40DB141A1D2829950017759A /* Debug */ = {
			isa = XCBuildConfiguration;
			buildSettings = {
				ALWAYS_SEARCH_USER_PATHS = NO;
				ARCHS = (
					"$(ARCHS_STANDARD)",
					armv7,
				);
				CLANG_ANALYZER_NONNULL = YES;
				CLANG_CXX_LANGUAGE_STANDARD = "gnu++0x";
				CLANG_CXX_LIBRARY = "libc++";
				CLANG_ENABLE_MODULES = YES;
				CLANG_ENABLE_OBJC_ARC = YES;
				CLANG_WARN_BOOL_CONVERSION = YES;
				CLANG_WARN_CONSTANT_CONVERSION = YES;
				CLANG_WARN_DIRECT_OBJC_ISA_USAGE = YES_ERROR;
				CLANG_WARN_EMPTY_BODY = YES;
				CLANG_WARN_ENUM_CONVERSION = YES;
				CLANG_WARN_INT_CONVERSION = YES;
				CLANG_WARN_OBJC_ROOT_CLASS = YES_ERROR;
				CLANG_WARN_UNREACHABLE_CODE = YES;
				CLANG_WARN__DUPLICATE_METHOD_MATCH = YES;
				"CODE_SIGN_IDENTITY[sdk=iphoneos*]" = "iPhone Developer";
				COPY_PHASE_STRIP = NO;
				DEBUG_INFORMATION_FORMAT = dwarf;
				EMBEDDED_CONTENT_CONTAINS_SWIFT = YES;
				ENABLE_BITCODE = NO;
				ENABLE_STRICT_OBJC_MSGSEND = YES;
				ENABLE_TESTABILITY = YES;
				GCC_C_LANGUAGE_STANDARD = gnu99;
				GCC_DYNAMIC_NO_PIC = NO;
				GCC_NO_COMMON_BLOCKS = YES;
				GCC_OPTIMIZATION_LEVEL = 0;
				GCC_PREPROCESSOR_DEFINITIONS = (
					"DEBUG=1",
					"$(inherited)",
				);
				GCC_WARN_64_TO_32_BIT_CONVERSION = YES;
				GCC_WARN_ABOUT_RETURN_TYPE = YES_ERROR;
				GCC_WARN_UNDECLARED_SELECTOR = YES;
				GCC_WARN_UNINITIALIZED_AUTOS = YES_AGGRESSIVE;
				GCC_WARN_UNUSED_FUNCTION = YES;
				GCC_WARN_UNUSED_VARIABLE = YES;
				IPHONEOS_DEPLOYMENT_TARGET = 8.1;
				LD_RUNPATH_SEARCH_PATHS = "@executable_path/Frameworks";
				MTL_ENABLE_DEBUG_INFO = YES;
				ONLY_ACTIVE_ARCH = YES;
				SDKROOT = iphoneos;
				TARGETED_DEVICE_FAMILY = "1,2";
				VALID_ARCHS = "";
			};
			name = Debug;
		};
		40DB141B1D2829950017759A /* Release */ = {
			isa = XCBuildConfiguration;
			buildSettings = {
				ALWAYS_SEARCH_USER_PATHS = NO;
				ARCHS = (
					"$(ARCHS_STANDARD)",
					armv7,
				);
				CLANG_ANALYZER_NONNULL = YES;
				CLANG_CXX_LANGUAGE_STANDARD = "gnu++0x";
				CLANG_CXX_LIBRARY = "libc++";
				CLANG_ENABLE_MODULES = YES;
				CLANG_ENABLE_OBJC_ARC = YES;
				CLANG_WARN_BOOL_CONVERSION = YES;
				CLANG_WARN_CONSTANT_CONVERSION = YES;
				CLANG_WARN_DIRECT_OBJC_ISA_USAGE = YES_ERROR;
				CLANG_WARN_EMPTY_BODY = YES;
				CLANG_WARN_ENUM_CONVERSION = YES;
				CLANG_WARN_INT_CONVERSION = YES;
				CLANG_WARN_OBJC_ROOT_CLASS = YES_ERROR;
				CLANG_WARN_UNREACHABLE_CODE = YES;
				CLANG_WARN__DUPLICATE_METHOD_MATCH = YES;
				"CODE_SIGN_IDENTITY[sdk=iphoneos*]" = "iPhone Developer";
				COPY_PHASE_STRIP = NO;
				DEBUG_INFORMATION_FORMAT = "dwarf-with-dsym";
				EMBEDDED_CONTENT_CONTAINS_SWIFT = YES;
				ENABLE_BITCODE = NO;
				ENABLE_NS_ASSERTIONS = NO;
				ENABLE_STRICT_OBJC_MSGSEND = YES;
				GCC_C_LANGUAGE_STANDARD = gnu99;
				GCC_NO_COMMON_BLOCKS = YES;
				GCC_WARN_64_TO_32_BIT_CONVERSION = YES;
				GCC_WARN_ABOUT_RETURN_TYPE = YES_ERROR;
				GCC_WARN_UNDECLARED_SELECTOR = YES;
				GCC_WARN_UNINITIALIZED_AUTOS = YES_AGGRESSIVE;
				GCC_WARN_UNUSED_FUNCTION = YES;
				GCC_WARN_UNUSED_VARIABLE = YES;
				IPHONEOS_DEPLOYMENT_TARGET = 8.1;
				LD_RUNPATH_SEARCH_PATHS = "@executable_path/Frameworks";
				MTL_ENABLE_DEBUG_INFO = NO;
				SDKROOT = iphoneos;
				TARGETED_DEVICE_FAMILY = "1,2";
				VALIDATE_PRODUCT = YES;
				VALID_ARCHS = "";
			};
			name = Release;
		};
		40DB141D1D2829950017759A /* Debug */ = {
			isa = XCBuildConfiguration;
			buildSettings = {
				ARCHS = (
					"$(ARCHS_STANDARD)",
					armv7,
					arm64,
				);
				ASSETCATALOG_COMPILER_APPICON_NAME = AppIcon;
				ENABLE_BITCODE = NO;
				INFOPLIST_FILE = CreateBariiiiiIOSNativePlugin/Info.plist;
				LD_RUNPATH_SEARCH_PATHS = "$(inherited) @executable_path/Frameworks";
				PRODUCT_BUNDLE_IDENTIFIER = igara.CreateBariiiiiIOSNativePlugin;
				PRODUCT_NAME = Bariiiii;
				VALID_ARCHS = "";
			};
			name = Debug;
		};
		40DB141E1D2829950017759A /* Release */ = {
			isa = XCBuildConfiguration;
			buildSettings = {
				ARCHS = (
					"$(ARCHS_STANDARD)",
					armv7,
					arm64,
				);
				ASSETCATALOG_COMPILER_APPICON_NAME = AppIcon;
				ENABLE_BITCODE = NO;
				INFOPLIST_FILE = CreateBariiiiiIOSNativePlugin/Info.plist;
				LD_RUNPATH_SEARCH_PATHS = "$(inherited) @executable_path/Frameworks";
				PRODUCT_BUNDLE_IDENTIFIER = igara.CreateBariiiiiIOSNativePlugin;
				PRODUCT_NAME = Bariiiii;
				VALID_ARCHS = "";
			};
			name = Release;
		};
/* End XCBuildConfiguration section */

/* Begin XCConfigurationList section */
		40DB14001D2829950017759A /* Build configuration list for PBXProject "Bariiiii" */ = {
			isa = XCConfigurationList;
			buildConfigurations = (
				40DB141A1D2829950017759A /* Debug */,
				40DB141B1D2829950017759A /* Release */,
			);
			defaultConfigurationIsVisible = 0;
			defaultConfigurationName = Release;
		};
		40DB141C1D2829950017759A /* Build configuration list for PBXNativeTarget "Bariiiii" */ = {
			isa = XCConfigurationList;
			buildConfigurations = (
				40DB141D1D2829950017759A /* Debug */,
				40DB141E1D2829950017759A /* Release */,
			);
			defaultConfigurationIsVisible = 0;
			defaultConfigurationName = Release;
		};
/* End XCConfigurationList section */
	};
	rootObject = 40DB13FD1D2829950017759A /* Project object */;
}
